
Microsoft Visual Studio Solution File, Format Version 12.00
# Visual Studio Version 17
VisualStudioVersion = 17.0.31903.59
MinimumVisualStudioVersion = 10.0.40219.1
Project("{2150E333-8FDC-42A3-9474-1A3956D46DE8}") = "Web", "Web", "{256F4E96-6A73-9ABE-786F-840C672A50F4}"
EndProject
Project("{FAE04EC0-301F-11D3-BF4B-00C04F79EFBC}") = "PointOfSale.Web", "Web\PointOfSale.Web.csproj", "{DDB44D52-E26D-4042-A9E5-409FA72558E0}"
EndProject
Project("{2150E333-8FDC-42A3-9474-1A3956D46DE8}") = "Api", "Api", "{D82C56D6-B2CD-F611-9E31-04638F7EC30E}"
EndProject
Project("{FAE04EC0-301F-11D3-BF4B-00C04F79EFBC}") = "PointOfSale.Api", "Api\PointOfSale.Api.csproj", "{1FCDACC7-D86E-440E-8056-5D148504DCC7}"
EndProject
Project("{FAE04EC0-301F-11D3-BF4B-00C04F79EFBC}") = "PointOfSale.AppHost", "PointOfSale.AppHost\PointOfSale.AppHost.csproj", "{7F393B24-9A03-4D78-B529-2DB350B99E80}"
EndProject
Project("{FAE04EC0-301F-11D3-BF4B-00C04F79EFBC}") = "PointOfSale.ServiceDefaults", "PointOfSale.ServiceDefaults\PointOfSale.ServiceDefaults.csproj", "{DC92F7CA-CF71-47F0-AF52-D41984503D9B}"
EndProject
Global
	GlobalSection(SolutionConfigurationPlatforms) = preSolution
		Debug|Any CPU = Debug|Any CPU
		Debug|x64 = Debug|x64
		Debug|x86 = Debug|x86
		Release|Any CPU = Release|Any CPU
		Release|x64 = Release|x64
		Release|x86 = Release|x86
	EndGlobalSection
	GlobalSection(ProjectConfigurationPlatforms) = postSolution
		{DDB44D52-E26D-4042-A9E5-409FA72558E0}.Debug|Any CPU.ActiveCfg = Debug|Any CPU
		{DDB44D52-E26D-4042-A9E5-409FA72558E0}.Debug|Any CPU.Build.0 = Debug|Any CPU
		{DDB44D52-E26D-4042-A9E5-409FA72558E0}.Debug|x64.ActiveCfg = Debug|Any CPU
		{DDB44D52-E26D-4042-A9E5-409FA72558E0}.Debug|x64.Build.0 = Debug|Any CPU
		{DDB44D52-E26D-4042-A9E5-409FA72558E0}.Debug|x86.ActiveCfg = Debug|Any CPU
		{DDB44D52-E26D-4042-A9E5-409FA72558E0}.Debug|x86.Build.0 = Debug|Any CPU
		{DDB44D52-E26D-4042-A9E5-409FA72558E0}.Release|Any CPU.ActiveCfg = Release|Any CPU
		{DDB44D52-E26D-4042-A9E5-409FA72558E0}.Release|Any CPU.Build.0 = Release|Any CPU
		{DDB44D52-E26D-4042-A9E5-409FA72558E0}.Release|x64.ActiveCfg = Release|Any CPU
		{DDB44D52-E26D-4042-A9E5-409FA72558E0}.Release|x64.Build.0 = Release|Any CPU
		{DDB44D52-E26D-4042-A9E5-409FA72558E0}.Release|x86.ActiveCfg = Release|Any CPU
		{DDB44D52-E26D-4042-A9E5-409FA72558E0}.Release|x86.Build.0 = Release|Any CPU
		{1FCDACC7-D86E-440E-8056-5D148504DCC7}.Debug|Any CPU.ActiveCfg = Debug|Any CPU
		{1FCDACC7-D86E-440E-8056-5D148504DCC7}.Debug|Any CPU.Build.0 = Debug|Any CPU
		{1FCDACC7-D86E-440E-8056-5D148504DCC7}.Debug|x64.ActiveCfg = Debug|Any CPU
		{1FCDACC7-D86E-440E-8056-5D148504DCC7}.Debug|x64.Build.0 = Debug|Any CPU
		{1FCDACC7-D86E-440E-8056-5D148504DCC7}.Debug|x86.ActiveCfg = Debug|Any CPU
		{1FCDACC7-D86E-440E-8056-5D148504DCC7}.Debug|x86.Build.0 = Debug|Any CPU
		{1FCDACC7-D86E-440E-8056-5D148504DCC7}.Release|Any CPU.ActiveCfg = Release|Any CPU
		{1FCDACC7-D86E-440E-8056-5D148504DCC7}.Release|Any CPU.Build.0 = Release|Any CPU
		{1FCDACC7-D86E-440E-8056-5D148504DCC7}.Release|x64.ActiveCfg = Release|Any CPU
		{1FCDACC7-D86E-440E-8056-5D148504DCC7}.Release|x64.Build.0 = Release|Any CPU
		{1FCDACC7-D86E-440E-8056-5D148504DCC7}.Release|x86.ActiveCfg = Release|Any CPU
		{1FCDACC7-D86E-440E-8056-5D148504DCC7}.Release|x86.Build.0 = Release|Any CPU
		{7F393B24-9A03-4D78-B529-2DB350B99E80}.Debug|Any CPU.ActiveCfg = Debug|Any CPU
		{7F393B24-9A03-4D78-B529-2DB350B99E80}.Debug|Any CPU.Build.0 = Debug|Any CPU
		{7F393B24-9A03-4D78-B529-2DB350B99E80}.Debug|x64.ActiveCfg = Debug|Any CPU
		{7F393B24-9A03-4D78-B529-2DB350B99E80}.Debug|x64.Build.0 = Debug|Any CPU
		{7F393B24-9A03-4D78-B529-2DB350B99E80}.Debug|x86.ActiveCfg = Debug|Any CPU
		{7F393B24-9A03-4D78-B529-2DB350B99E80}.Debug|x86.Build.0 = Debug|Any CPU
		{7F393B24-9A03-4D78-B529-2DB350B99E80}.Release|Any CPU.ActiveCfg = Release|Any CPU
		{7F393B24-9A03-4D78-B529-2DB350B99E80}.Release|Any CPU.Build.0 = Release|Any CPU
		{7F393B24-9A03-4D78-B529-2DB350B99E80}.Release|x64.ActiveCfg = Release|Any CPU
		{7F393B24-9A03-4D78-B529-2DB350B99E80}.Release|x64.Build.0 = Release|Any CPU
		{7F393B24-9A03-4D78-B529-2DB350B99E80}.Release|x86.ActiveCfg = Release|Any CPU
		{7F393B24-9A03-4D78-B529-2DB350B99E80}.Release|x86.Build.0 = Release|Any CPU
		{DC92F7CA-CF71-47F0-AF52-D41984503D9B}.Debug|Any CPU.ActiveCfg = Debug|Any CPU
		{DC92F7CA-CF71-47F0-AF52-D41984503D9B}.Debug|Any CPU.Build.0 = Debug|Any CPU
		{DC92F7CA-CF71-47F0-AF52-D41984503D9B}.Debug|x64.ActiveCfg = Debug|Any CPU
		{DC92F7CA-CF71-47F0-AF52-D41984503D9B}.Debug|x64.Build.0 = Debug|Any CPU
		{DC92F7CA-CF71-47F0-AF52-D41984503D9B}.Debug|x86.ActiveCfg = Debug|Any CPU
		{DC92F7CA-CF71-47F0-AF52-D41984503D9B}.Debug|x86.Build.0 = Debug|Any CPU
		{DC92F7CA-CF71-47F0-AF52-D41984503D9B}.Release|Any CPU.ActiveCfg = Release|Any CPU
		{DC92F7CA-CF71-47F0-AF52-D41984503D9B}.Release|Any CPU.Build.0 = Release|Any CPU
		{DC92F7CA-CF71-47F0-AF52-D41984503D9B}.Release|x64.ActiveCfg = Release|Any CPU
		{DC92F7CA-CF71-47F0-AF52-D41984503D9B}.Release|x64.Build.0 = Release|Any CPU
		{DC92F7CA-CF71-47F0-AF52-D41984503D9B}.Release|x86.ActiveCfg = Release|Any CPU
		{DC92F7CA-CF71-47F0-AF52-D41984503D9B}.Release|x86.Build.0 = Release|Any CPU
	EndGlobalSection
	GlobalSection(SolutionProperties) = preSolution
		HideSolutionNode = FALSE
	EndGlobalSection
	GlobalSection(NestedProjects) = preSolution
		{DDB44D52-E26D-4042-A9E5-409FA72558E0} = {256F4E96-6A73-9ABE-786F-840C672A50F4}
		{1FCDACC7-D86E-440E-8056-5D148504DCC7} = {D82C56D6-B2CD-F611-9E31-04638F7EC30E}
	EndGlobalSection
EndGlobal
